
Microsoft Visual Studio Solution File, Format Version 11.00
# Visual Studio 2010
Project("{FAE04EC0-301F-11D3-BF4B-00C04F79EFBC}") = "LadySnake-5.0", "Assembly-CSharp.csproj", "{C8050DD2-0413-4B8C-0621-2402ECC9C989}"
EndProject
Project("{FAE04EC0-301F-11D3-BF4B-00C04F79EFBC}") = "LadySnake-5.0", "Assembly-CSharp-Editor.csproj", "{1DAFBFDD-DE63-DFCA-727D-D6B84A9D654A}"
EndProject
Global
	GlobalSection(SolutionConfigurationPlatforms) = preSolution
		Debug|Any CPU = Debug|Any CPU
		Release|Any CPU = Release|Any CPU
	EndGlobalSection
	GlobalSection(ProjectConfigurationPlatforms) = postSolution
		{C8050DD2-0413-4B8C-0621-2402ECC9C989}.Debug|Any CPU.ActiveCfg = Debug|Any CPU
		{C8050DD2-0413-4B8C-0621-2402ECC9C989}.Debug|Any CPU.Build.0 = Debug|Any CPU
		{C8050DD2-0413-4B8C-0621-2402ECC9C989}.Release|Any CPU.ActiveCfg = Release|Any CPU
		{C8050DD2-0413-4B8C-0621-2402ECC9C989}.Release|Any CPU.Build.0 = Release|Any CPU
		{1DAFBFDD-DE63-DFCA-727D-D6B84A9D654A}.Debug|Any CPU.ActiveCfg = Debug|Any CPU
		{1DAFBFDD-DE63-DFCA-727D-D6B84A9D654A}.Debug|Any CPU.Build.0 = Debug|Any CPU
		{1DAFBFDD-DE63-DFCA-727D-D6B84A9D654A}.Release|Any CPU.ActiveCfg = Release|Any CPU
		{1DAFBFDD-DE63-DFCA-727D-D6B84A9D654A}.Release|Any CPU.Build.0 = Release|Any CPU
	EndGlobalSection
	GlobalSection(SolutionProperties) = preSolution
		HideSolutionNode = FALSE
	EndGlobalSection
	GlobalSection(MonoDevelopProperties) = preSolution
		StartupItem = Assembly-CSharp.csproj
	EndGlobalSection
EndGlobal
