
Microsoft Visual Studio Solution File, Format Version 11.00
# Visual Studio 2010
Project("{FAE04EC0-301F-11D3-BF4B-00C04F79EFBC}") = "LadySnake-4.3.0", "Assembly-CSharp.csproj", "{B8D8AB77-90AD-1901-F442-66352846851D}"
EndProject
Project("{FAE04EC0-301F-11D3-BF4B-00C04F79EFBC}") = "LadySnake-4.3.0", "Assembly-CSharp-Editor.csproj", "{CFC0E6AD-E21C-0288-122B-8AD02797EA82}"
EndProject
Global
	GlobalSection(SolutionConfigurationPlatforms) = preSolution
		Debug|Any CPU = Debug|Any CPU
		Release|Any CPU = Release|Any CPU
	EndGlobalSection
	GlobalSection(ProjectConfigurationPlatforms) = postSolution
		{B8D8AB77-90AD-1901-F442-66352846851D}.Debug|Any CPU.ActiveCfg = Debug|Any CPU
		{B8D8AB77-90AD-1901-F442-66352846851D}.Debug|Any CPU.Build.0 = Debug|Any CPU
		{B8D8AB77-90AD-1901-F442-66352846851D}.Release|Any CPU.ActiveCfg = Release|Any CPU
		{B8D8AB77-90AD-1901-F442-66352846851D}.Release|Any CPU.Build.0 = Release|Any CPU
		{CFC0E6AD-E21C-0288-122B-8AD02797EA82}.Debug|Any CPU.ActiveCfg = Debug|Any CPU
		{CFC0E6AD-E21C-0288-122B-8AD02797EA82}.Debug|Any CPU.Build.0 = Debug|Any CPU
		{CFC0E6AD-E21C-0288-122B-8AD02797EA82}.Release|Any CPU.ActiveCfg = Release|Any CPU
		{CFC0E6AD-E21C-0288-122B-8AD02797EA82}.Release|Any CPU.Build.0 = Release|Any CPU
	EndGlobalSection
	GlobalSection(SolutionProperties) = preSolution
		HideSolutionNode = FALSE
	EndGlobalSection
	GlobalSection(MonoDevelopProperties) = preSolution
		StartupItem = Assembly-CSharp.csproj
	EndGlobalSection
EndGlobal
