
Microsoft Visual Studio Solution File, Format Version 11.00
# Visual Studio 2010
Project("{FAE04EC0-301F-11D3-BF4B-00C04F79EFBC}") = "LadySnake-3.53 2", "Assembly-CSharp.csproj", "{9EF01469-EE3D-2099-B367-B88C8D785735}"
EndProject
Project("{FAE04EC0-301F-11D3-BF4B-00C04F79EFBC}") = "LadySnake-3.53 2", "Assembly-CSharp-Editor.csproj", "{FDA0C7EC-749C-E4EE-CFC5-B5C84BDB8B0D}"
EndProject
Global
	GlobalSection(SolutionConfigurationPlatforms) = preSolution
		Debug|Any CPU = Debug|Any CPU
		Release|Any CPU = Release|Any CPU
	EndGlobalSection
	GlobalSection(ProjectConfigurationPlatforms) = postSolution
		{9EF01469-EE3D-2099-B367-B88C8D785735}.Debug|Any CPU.ActiveCfg = Debug|Any CPU
		{9EF01469-EE3D-2099-B367-B88C8D785735}.Debug|Any CPU.Build.0 = Debug|Any CPU
		{9EF01469-EE3D-2099-B367-B88C8D785735}.Release|Any CPU.ActiveCfg = Release|Any CPU
		{9EF01469-EE3D-2099-B367-B88C8D785735}.Release|Any CPU.Build.0 = Release|Any CPU
		{FDA0C7EC-749C-E4EE-CFC5-B5C84BDB8B0D}.Debug|Any CPU.ActiveCfg = Debug|Any CPU
		{FDA0C7EC-749C-E4EE-CFC5-B5C84BDB8B0D}.Debug|Any CPU.Build.0 = Debug|Any CPU
		{FDA0C7EC-749C-E4EE-CFC5-B5C84BDB8B0D}.Release|Any CPU.ActiveCfg = Release|Any CPU
		{FDA0C7EC-749C-E4EE-CFC5-B5C84BDB8B0D}.Release|Any CPU.Build.0 = Release|Any CPU
	EndGlobalSection
	GlobalSection(SolutionProperties) = preSolution
		HideSolutionNode = FALSE
	EndGlobalSection
	GlobalSection(MonoDevelopProperties) = preSolution
		StartupItem = Assembly-CSharp.csproj
	EndGlobalSection
EndGlobal
