
Microsoft Visual Studio Solution File, Format Version 11.00
# Visual Studio 2010
Project("{FAE04EC0-301F-11D3-BF4B-00C04F79EFBC}") = "LadySnake-3.2", "Assembly-CSharp.csproj", "{DC87480E-92E2-05DE-D81D-6F302555CC1E}"
EndProject
Project("{FAE04EC0-301F-11D3-BF4B-00C04F79EFBC}") = "LadySnake-3.2", "Assembly-CSharp-Editor.csproj", "{98AC54C0-02EC-90AF-4499-7141188DCD51}"
EndProject
Global
	GlobalSection(SolutionConfigurationPlatforms) = preSolution
		Debug|Any CPU = Debug|Any CPU
		Release|Any CPU = Release|Any CPU
	EndGlobalSection
	GlobalSection(ProjectConfigurationPlatforms) = postSolution
		{DC87480E-92E2-05DE-D81D-6F302555CC1E}.Debug|Any CPU.ActiveCfg = Debug|Any CPU
		{DC87480E-92E2-05DE-D81D-6F302555CC1E}.Debug|Any CPU.Build.0 = Debug|Any CPU
		{DC87480E-92E2-05DE-D81D-6F302555CC1E}.Release|Any CPU.ActiveCfg = Release|Any CPU
		{DC87480E-92E2-05DE-D81D-6F302555CC1E}.Release|Any CPU.Build.0 = Release|Any CPU
		{98AC54C0-02EC-90AF-4499-7141188DCD51}.Debug|Any CPU.ActiveCfg = Debug|Any CPU
		{98AC54C0-02EC-90AF-4499-7141188DCD51}.Debug|Any CPU.Build.0 = Debug|Any CPU
		{98AC54C0-02EC-90AF-4499-7141188DCD51}.Release|Any CPU.ActiveCfg = Release|Any CPU
		{98AC54C0-02EC-90AF-4499-7141188DCD51}.Release|Any CPU.Build.0 = Release|Any CPU
	EndGlobalSection
	GlobalSection(SolutionProperties) = preSolution
		HideSolutionNode = FALSE
	EndGlobalSection
	GlobalSection(MonoDevelopProperties) = preSolution
		StartupItem = Assembly-CSharp.csproj
	EndGlobalSection
EndGlobal
