
Microsoft Visual Studio Solution File, Format Version 11.00
# Visual Studio 2010
Project("{FAE04EC0-301F-11D3-BF4B-00C04F79EFBC}") = "LadySnake-2.0", "Assembly-CSharp.csproj", "{44F19DFB-CFE3-071D-0488-8ECDD247DC39}"
EndProject
Project("{FAE04EC0-301F-11D3-BF4B-00C04F79EFBC}") = "LadySnake-2.0", "Assembly-CSharp-Editor.csproj", "{9D04F8EC-007A-A179-3821-67E11423AFE6}"
EndProject
Global
	GlobalSection(SolutionConfigurationPlatforms) = preSolution
		Debug|Any CPU = Debug|Any CPU
		Release|Any CPU = Release|Any CPU
	EndGlobalSection
	GlobalSection(ProjectConfigurationPlatforms) = postSolution
		{44F19DFB-CFE3-071D-0488-8ECDD247DC39}.Debug|Any CPU.ActiveCfg = Debug|Any CPU
		{44F19DFB-CFE3-071D-0488-8ECDD247DC39}.Debug|Any CPU.Build.0 = Debug|Any CPU
		{44F19DFB-CFE3-071D-0488-8ECDD247DC39}.Release|Any CPU.ActiveCfg = Release|Any CPU
		{44F19DFB-CFE3-071D-0488-8ECDD247DC39}.Release|Any CPU.Build.0 = Release|Any CPU
		{9D04F8EC-007A-A179-3821-67E11423AFE6}.Debug|Any CPU.ActiveCfg = Debug|Any CPU
		{9D04F8EC-007A-A179-3821-67E11423AFE6}.Debug|Any CPU.Build.0 = Debug|Any CPU
		{9D04F8EC-007A-A179-3821-67E11423AFE6}.Release|Any CPU.ActiveCfg = Release|Any CPU
		{9D04F8EC-007A-A179-3821-67E11423AFE6}.Release|Any CPU.Build.0 = Release|Any CPU
	EndGlobalSection
	GlobalSection(SolutionProperties) = preSolution
		HideSolutionNode = FALSE
	EndGlobalSection
	GlobalSection(MonoDevelopProperties) = preSolution
		StartupItem = Assembly-CSharp.csproj
	EndGlobalSection
EndGlobal
